
Microsoft Visual Studio Solution File, Format Version 12.00
# Visual Studio Version 16
VisualStudioVersion = 25.0.1703.4
MinimumVisualStudioVersion = 10.0.40219.1
Project("{FAE04EC0-301F-11D3-BF4B-00C04F79EFBC}") = "AdventOfCode", "AdventOfCode\AdventOfCode.csproj", "{8A5EEC15-754F-49CC-84EE-7F0C9EB3B045}"
EndProject
Project("{FAE04EC0-301F-11D3-BF4B-00C04F79EFBC}") = "Day10a", "Day10a\Day10a.csproj", "{80F5C914-2DC5-436D-A0E9-A1D6420AC68A}"
EndProject
Project("{FAE04EC0-301F-11D3-BF4B-00C04F79EFBC}") = "Day10b", "Day10b\Day10b.csproj", "{55BBFD24-50FC-4B08-85C8-C38EACE87052}"
EndProject
Project("{FAE04EC0-301F-11D3-BF4B-00C04F79EFBC}") = "Day11a", "Day11a\Day11a.csproj", "{FDBE374B-0A48-49BC-ADFC-5940B2958571}"
EndProject
Project("{FAE04EC0-301F-11D3-BF4B-00C04F79EFBC}") = "Day11b", "Day11b\Day11b.csproj", "{654D5F9C-662A-4104-96BB-B2EF64BEA4DE}"
EndProject
Project("{FAE04EC0-301F-11D3-BF4B-00C04F79EFBC}") = "Day12a", "Day12a\Day12a.csproj", "{EB8FF963-3519-4A6B-86D9-720469012F7F}"
EndProject
Project("{FAE04EC0-301F-11D3-BF4B-00C04F79EFBC}") = "Day12b", "Day12b\Day12b.csproj", "{EBE01915-E391-4748-9D91-04AABEF111F4}"
EndProject
Project("{FAE04EC0-301F-11D3-BF4B-00C04F79EFBC}") = "Day13a", "Day13a\Day13a.csproj", "{76D895F0-45E8-4E59-A61F-A2D92EC5F023}"
EndProject
Project("{FAE04EC0-301F-11D3-BF4B-00C04F79EFBC}") = "Day13b", "Day13b\Day13b.csproj", "{2A24D12E-D97E-4907-BAAA-55421AC53BB4}"
EndProject
Project("{FAE04EC0-301F-11D3-BF4B-00C04F79EFBC}") = "Day14a", "Day14a\Day14a.csproj", "{C39E9891-CA43-4883-9019-5299BBBB563E}"
EndProject
Project("{FAE04EC0-301F-11D3-BF4B-00C04F79EFBC}") = "Day14b", "Day14b\Day14b.csproj", "{F8E1C469-9C31-4E51-B196-CA5D5939B7B7}"
EndProject
Project("{FAE04EC0-301F-11D3-BF4B-00C04F79EFBC}") = "Day15a", "Day15a\Day15a.csproj", "{0668C82E-FC54-46B7-8699-7AE0D92C32E1}"
EndProject
Project("{FAE04EC0-301F-11D3-BF4B-00C04F79EFBC}") = "Day15b", "Day15b\Day15b.csproj", "{17482F14-CB88-44E5-82E6-85F556D97A82}"
EndProject
Project("{FAE04EC0-301F-11D3-BF4B-00C04F79EFBC}") = "Day16a", "Day16a\Day16a.csproj", "{91F0ED8C-9F0F-4509-A475-716C182F569A}"
EndProject
Project("{FAE04EC0-301F-11D3-BF4B-00C04F79EFBC}") = "Day16b", "Day16b\Day16b.csproj", "{E3D9094E-52D4-4FAF-868E-DC3503A43E4C}"
EndProject
Project("{FAE04EC0-301F-11D3-BF4B-00C04F79EFBC}") = "Day17a", "Day17a\Day17a.csproj", "{CC2CBB1D-31D8-4BDE-BC48-657C0424A395}"
EndProject
Project("{FAE04EC0-301F-11D3-BF4B-00C04F79EFBC}") = "Day17b", "Day17b\Day17b.csproj", "{A0499974-541E-46FF-B065-77420023B14E}"
EndProject
Project("{FAE04EC0-301F-11D3-BF4B-00C04F79EFBC}") = "Day18a", "Day18a\Day18a.csproj", "{8E9FD3C3-772C-4EC5-8D01-8DB6C2219A6B}"
EndProject
Project("{FAE04EC0-301F-11D3-BF4B-00C04F79EFBC}") = "Day18b", "Day18b\Day18b.csproj", "{43297AB6-D5ED-4304-A856-74585703DC94}"
EndProject
Project("{FAE04EC0-301F-11D3-BF4B-00C04F79EFBC}") = "Day19a", "Day19a\Day19a.csproj", "{B7947320-6A3D-4060-8718-3843165F388C}"
EndProject
Project("{FAE04EC0-301F-11D3-BF4B-00C04F79EFBC}") = "Day19b", "Day19b\Day19b.csproj", "{95410BEB-3462-4EAB-8C65-EE1BE2551579}"
EndProject
Project("{FAE04EC0-301F-11D3-BF4B-00C04F79EFBC}") = "Day20a", "Day20a\Day20a.csproj", "{D64D7DDD-8796-49C8-B8A2-5034CC841C1C}"
EndProject
Project("{FAE04EC0-301F-11D3-BF4B-00C04F79EFBC}") = "Day20b", "Day20b\Day20b.csproj", "{7DA88865-2AE2-4C0B-9541-E532242E5B7E}"
EndProject
Project("{FAE04EC0-301F-11D3-BF4B-00C04F79EFBC}") = "Day21a", "Day21a\Day21a.csproj", "{F5A01820-0798-4919-9D29-9C74B504BF36}"
EndProject
Project("{FAE04EC0-301F-11D3-BF4B-00C04F79EFBC}") = "Day21b", "Day21b\Day21b.csproj", "{A110C36C-F1E8-464E-AE1C-AF739F39C1AC}"
EndProject
Project("{FAE04EC0-301F-11D3-BF4B-00C04F79EFBC}") = "Day22a", "Day22a\Day22a.csproj", "{EA359A03-34D0-4268-89A2-E60CC96CB399}"
EndProject
Project("{FAE04EC0-301F-11D3-BF4B-00C04F79EFBC}") = "Day22b", "Day22b\Day22b.csproj", "{22F34A8D-2D92-4B71-A963-B2F0A7E0EB5C}"
EndProject
Project("{FAE04EC0-301F-11D3-BF4B-00C04F79EFBC}") = "Day23a", "Day23a\Day23a.csproj", "{55C1CE4A-CF2A-4A80-8E92-70294BEB1BD5}"
EndProject
Project("{FAE04EC0-301F-11D3-BF4B-00C04F79EFBC}") = "Day23b", "Day23b\Day23b.csproj", "{0C3F6D4E-094F-4457-A422-49A3800609A4}"
EndProject
Project("{FAE04EC0-301F-11D3-BF4B-00C04F79EFBC}") = "Day24a", "Day24a\Day24a.csproj", "{D5791407-90F8-4FE6-BD07-90429CF8FF70}"
EndProject
Project("{FAE04EC0-301F-11D3-BF4B-00C04F79EFBC}") = "Day24b", "Day24b\Day24b.csproj", "{D6542379-490E-4EB8-AB7E-A552F79E921B}"
EndProject
Global
	GlobalSection(SolutionConfigurationPlatforms) = preSolution
		Debug|Any CPU = Debug|Any CPU
		Release|Any CPU = Release|Any CPU
	EndGlobalSection
	GlobalSection(ProjectConfigurationPlatforms) = postSolution
		{8A5EEC15-754F-49CC-84EE-7F0C9EB3B045}.Debug|Any CPU.ActiveCfg = Debug|Any CPU
		{8A5EEC15-754F-49CC-84EE-7F0C9EB3B045}.Debug|Any CPU.Build.0 = Debug|Any CPU
		{8A5EEC15-754F-49CC-84EE-7F0C9EB3B045}.Release|Any CPU.ActiveCfg = Release|Any CPU
		{8A5EEC15-754F-49CC-84EE-7F0C9EB3B045}.Release|Any CPU.Build.0 = Release|Any CPU
		{80F5C914-2DC5-436D-A0E9-A1D6420AC68A}.Debug|Any CPU.ActiveCfg = Debug|Any CPU
		{80F5C914-2DC5-436D-A0E9-A1D6420AC68A}.Debug|Any CPU.Build.0 = Debug|Any CPU
		{80F5C914-2DC5-436D-A0E9-A1D6420AC68A}.Release|Any CPU.ActiveCfg = Release|Any CPU
		{80F5C914-2DC5-436D-A0E9-A1D6420AC68A}.Release|Any CPU.Build.0 = Release|Any CPU
		{55BBFD24-50FC-4B08-85C8-C38EACE87052}.Debug|Any CPU.ActiveCfg = Debug|Any CPU
		{55BBFD24-50FC-4B08-85C8-C38EACE87052}.Debug|Any CPU.Build.0 = Debug|Any CPU
		{55BBFD24-50FC-4B08-85C8-C38EACE87052}.Release|Any CPU.ActiveCfg = Release|Any CPU
		{55BBFD24-50FC-4B08-85C8-C38EACE87052}.Release|Any CPU.Build.0 = Release|Any CPU
		{FDBE374B-0A48-49BC-ADFC-5940B2958571}.Debug|Any CPU.ActiveCfg = Debug|Any CPU
		{FDBE374B-0A48-49BC-ADFC-5940B2958571}.Debug|Any CPU.Build.0 = Debug|Any CPU
		{FDBE374B-0A48-49BC-ADFC-5940B2958571}.Release|Any CPU.ActiveCfg = Release|Any CPU
		{FDBE374B-0A48-49BC-ADFC-5940B2958571}.Release|Any CPU.Build.0 = Release|Any CPU
		{654D5F9C-662A-4104-96BB-B2EF64BEA4DE}.Debug|Any CPU.ActiveCfg = Debug|Any CPU
		{654D5F9C-662A-4104-96BB-B2EF64BEA4DE}.Debug|Any CPU.Build.0 = Debug|Any CPU
		{654D5F9C-662A-4104-96BB-B2EF64BEA4DE}.Release|Any CPU.ActiveCfg = Release|Any CPU
		{654D5F9C-662A-4104-96BB-B2EF64BEA4DE}.Release|Any CPU.Build.0 = Release|Any CPU
		{EB8FF963-3519-4A6B-86D9-720469012F7F}.Debug|Any CPU.ActiveCfg = Debug|Any CPU
		{EB8FF963-3519-4A6B-86D9-720469012F7F}.Debug|Any CPU.Build.0 = Debug|Any CPU
		{EB8FF963-3519-4A6B-86D9-720469012F7F}.Release|Any CPU.ActiveCfg = Release|Any CPU
		{EB8FF963-3519-4A6B-86D9-720469012F7F}.Release|Any CPU.Build.0 = Release|Any CPU
		{EBE01915-E391-4748-9D91-04AABEF111F4}.Debug|Any CPU.ActiveCfg = Debug|Any CPU
		{EBE01915-E391-4748-9D91-04AABEF111F4}.Debug|Any CPU.Build.0 = Debug|Any CPU
		{EBE01915-E391-4748-9D91-04AABEF111F4}.Release|Any CPU.ActiveCfg = Release|Any CPU
		{EBE01915-E391-4748-9D91-04AABEF111F4}.Release|Any CPU.Build.0 = Release|Any CPU
		{76D895F0-45E8-4E59-A61F-A2D92EC5F023}.Debug|Any CPU.ActiveCfg = Debug|Any CPU
		{76D895F0-45E8-4E59-A61F-A2D92EC5F023}.Debug|Any CPU.Build.0 = Debug|Any CPU
		{76D895F0-45E8-4E59-A61F-A2D92EC5F023}.Release|Any CPU.ActiveCfg = Release|Any CPU
		{76D895F0-45E8-4E59-A61F-A2D92EC5F023}.Release|Any CPU.Build.0 = Release|Any CPU
		{2A24D12E-D97E-4907-BAAA-55421AC53BB4}.Debug|Any CPU.ActiveCfg = Debug|Any CPU
		{2A24D12E-D97E-4907-BAAA-55421AC53BB4}.Debug|Any CPU.Build.0 = Debug|Any CPU
		{2A24D12E-D97E-4907-BAAA-55421AC53BB4}.Release|Any CPU.ActiveCfg = Release|Any CPU
		{2A24D12E-D97E-4907-BAAA-55421AC53BB4}.Release|Any CPU.Build.0 = Release|Any CPU
		{C39E9891-CA43-4883-9019-5299BBBB563E}.Debug|Any CPU.ActiveCfg = Debug|Any CPU
		{C39E9891-CA43-4883-9019-5299BBBB563E}.Debug|Any CPU.Build.0 = Debug|Any CPU
		{C39E9891-CA43-4883-9019-5299BBBB563E}.Release|Any CPU.ActiveCfg = Release|Any CPU
		{C39E9891-CA43-4883-9019-5299BBBB563E}.Release|Any CPU.Build.0 = Release|Any CPU
		{F8E1C469-9C31-4E51-B196-CA5D5939B7B7}.Debug|Any CPU.ActiveCfg = Debug|Any CPU
		{F8E1C469-9C31-4E51-B196-CA5D5939B7B7}.Debug|Any CPU.Build.0 = Debug|Any CPU
		{F8E1C469-9C31-4E51-B196-CA5D5939B7B7}.Release|Any CPU.ActiveCfg = Release|Any CPU
		{F8E1C469-9C31-4E51-B196-CA5D5939B7B7}.Release|Any CPU.Build.0 = Release|Any CPU
		{0668C82E-FC54-46B7-8699-7AE0D92C32E1}.Debug|Any CPU.ActiveCfg = Debug|Any CPU
		{0668C82E-FC54-46B7-8699-7AE0D92C32E1}.Debug|Any CPU.Build.0 = Debug|Any CPU
		{0668C82E-FC54-46B7-8699-7AE0D92C32E1}.Release|Any CPU.ActiveCfg = Release|Any CPU
		{0668C82E-FC54-46B7-8699-7AE0D92C32E1}.Release|Any CPU.Build.0 = Release|Any CPU
		{17482F14-CB88-44E5-82E6-85F556D97A82}.Debug|Any CPU.ActiveCfg = Debug|Any CPU
		{17482F14-CB88-44E5-82E6-85F556D97A82}.Debug|Any CPU.Build.0 = Debug|Any CPU
		{17482F14-CB88-44E5-82E6-85F556D97A82}.Release|Any CPU.ActiveCfg = Release|Any CPU
		{17482F14-CB88-44E5-82E6-85F556D97A82}.Release|Any CPU.Build.0 = Release|Any CPU
		{91F0ED8C-9F0F-4509-A475-716C182F569A}.Debug|Any CPU.ActiveCfg = Debug|Any CPU
		{91F0ED8C-9F0F-4509-A475-716C182F569A}.Debug|Any CPU.Build.0 = Debug|Any CPU
		{91F0ED8C-9F0F-4509-A475-716C182F569A}.Release|Any CPU.ActiveCfg = Release|Any CPU
		{91F0ED8C-9F0F-4509-A475-716C182F569A}.Release|Any CPU.Build.0 = Release|Any CPU
		{E3D9094E-52D4-4FAF-868E-DC3503A43E4C}.Debug|Any CPU.ActiveCfg = Debug|Any CPU
		{E3D9094E-52D4-4FAF-868E-DC3503A43E4C}.Debug|Any CPU.Build.0 = Debug|Any CPU
		{E3D9094E-52D4-4FAF-868E-DC3503A43E4C}.Release|Any CPU.ActiveCfg = Release|Any CPU
		{E3D9094E-52D4-4FAF-868E-DC3503A43E4C}.Release|Any CPU.Build.0 = Release|Any CPU
		{CC2CBB1D-31D8-4BDE-BC48-657C0424A395}.Debug|Any CPU.ActiveCfg = Debug|Any CPU
		{CC2CBB1D-31D8-4BDE-BC48-657C0424A395}.Debug|Any CPU.Build.0 = Debug|Any CPU
		{CC2CBB1D-31D8-4BDE-BC48-657C0424A395}.Release|Any CPU.ActiveCfg = Release|Any CPU
		{CC2CBB1D-31D8-4BDE-BC48-657C0424A395}.Release|Any CPU.Build.0 = Release|Any CPU
		{A0499974-541E-46FF-B065-77420023B14E}.Debug|Any CPU.ActiveCfg = Debug|Any CPU
		{A0499974-541E-46FF-B065-77420023B14E}.Debug|Any CPU.Build.0 = Debug|Any CPU
		{A0499974-541E-46FF-B065-77420023B14E}.Release|Any CPU.ActiveCfg = Release|Any CPU
		{A0499974-541E-46FF-B065-77420023B14E}.Release|Any CPU.Build.0 = Release|Any CPU
		{8E9FD3C3-772C-4EC5-8D01-8DB6C2219A6B}.Debug|Any CPU.ActiveCfg = Debug|Any CPU
		{8E9FD3C3-772C-4EC5-8D01-8DB6C2219A6B}.Debug|Any CPU.Build.0 = Debug|Any CPU
		{8E9FD3C3-772C-4EC5-8D01-8DB6C2219A6B}.Release|Any CPU.ActiveCfg = Release|Any CPU
		{8E9FD3C3-772C-4EC5-8D01-8DB6C2219A6B}.Release|Any CPU.Build.0 = Release|Any CPU
		{43297AB6-D5ED-4304-A856-74585703DC94}.Debug|Any CPU.ActiveCfg = Debug|Any CPU
		{43297AB6-D5ED-4304-A856-74585703DC94}.Debug|Any CPU.Build.0 = Debug|Any CPU
		{43297AB6-D5ED-4304-A856-74585703DC94}.Release|Any CPU.ActiveCfg = Release|Any CPU
		{43297AB6-D5ED-4304-A856-74585703DC94}.Release|Any CPU.Build.0 = Release|Any CPU
		{B7947320-6A3D-4060-8718-3843165F388C}.Debug|Any CPU.ActiveCfg = Debug|Any CPU
		{B7947320-6A3D-4060-8718-3843165F388C}.Debug|Any CPU.Build.0 = Debug|Any CPU
		{B7947320-6A3D-4060-8718-3843165F388C}.Release|Any CPU.ActiveCfg = Release|Any CPU
		{B7947320-6A3D-4060-8718-3843165F388C}.Release|Any CPU.Build.0 = Release|Any CPU
		{95410BEB-3462-4EAB-8C65-EE1BE2551579}.Debug|Any CPU.ActiveCfg = Debug|Any CPU
		{95410BEB-3462-4EAB-8C65-EE1BE2551579}.Debug|Any CPU.Build.0 = Debug|Any CPU
		{95410BEB-3462-4EAB-8C65-EE1BE2551579}.Release|Any CPU.ActiveCfg = Release|Any CPU
		{95410BEB-3462-4EAB-8C65-EE1BE2551579}.Release|Any CPU.Build.0 = Release|Any CPU
		{D64D7DDD-8796-49C8-B8A2-5034CC841C1C}.Debug|Any CPU.ActiveCfg = Debug|Any CPU
		{D64D7DDD-8796-49C8-B8A2-5034CC841C1C}.Debug|Any CPU.Build.0 = Debug|Any CPU
		{D64D7DDD-8796-49C8-B8A2-5034CC841C1C}.Release|Any CPU.ActiveCfg = Release|Any CPU
		{D64D7DDD-8796-49C8-B8A2-5034CC841C1C}.Release|Any CPU.Build.0 = Release|Any CPU
		{7DA88865-2AE2-4C0B-9541-E532242E5B7E}.Debug|Any CPU.ActiveCfg = Debug|Any CPU
		{7DA88865-2AE2-4C0B-9541-E532242E5B7E}.Debug|Any CPU.Build.0 = Debug|Any CPU
		{7DA88865-2AE2-4C0B-9541-E532242E5B7E}.Release|Any CPU.ActiveCfg = Release|Any CPU
		{7DA88865-2AE2-4C0B-9541-E532242E5B7E}.Release|Any CPU.Build.0 = Release|Any CPU
		{F5A01820-0798-4919-9D29-9C74B504BF36}.Debug|Any CPU.ActiveCfg = Debug|Any CPU
		{F5A01820-0798-4919-9D29-9C74B504BF36}.Debug|Any CPU.Build.0 = Debug|Any CPU
		{F5A01820-0798-4919-9D29-9C74B504BF36}.Release|Any CPU.ActiveCfg = Release|Any CPU
		{F5A01820-0798-4919-9D29-9C74B504BF36}.Release|Any CPU.Build.0 = Release|Any CPU
		{A110C36C-F1E8-464E-AE1C-AF739F39C1AC}.Debug|Any CPU.ActiveCfg = Debug|Any CPU
		{A110C36C-F1E8-464E-AE1C-AF739F39C1AC}.Debug|Any CPU.Build.0 = Debug|Any CPU
		{A110C36C-F1E8-464E-AE1C-AF739F39C1AC}.Release|Any CPU.ActiveCfg = Release|Any CPU
		{A110C36C-F1E8-464E-AE1C-AF739F39C1AC}.Release|Any CPU.Build.0 = Release|Any CPU
		{EA359A03-34D0-4268-89A2-E60CC96CB399}.Debug|Any CPU.ActiveCfg = Debug|Any CPU
		{EA359A03-34D0-4268-89A2-E60CC96CB399}.Debug|Any CPU.Build.0 = Debug|Any CPU
		{EA359A03-34D0-4268-89A2-E60CC96CB399}.Release|Any CPU.ActiveCfg = Release|Any CPU
		{EA359A03-34D0-4268-89A2-E60CC96CB399}.Release|Any CPU.Build.0 = Release|Any CPU
		{22F34A8D-2D92-4B71-A963-B2F0A7E0EB5C}.Debug|Any CPU.ActiveCfg = Debug|Any CPU
		{22F34A8D-2D92-4B71-A963-B2F0A7E0EB5C}.Debug|Any CPU.Build.0 = Debug|Any CPU
		{22F34A8D-2D92-4B71-A963-B2F0A7E0EB5C}.Release|Any CPU.ActiveCfg = Release|Any CPU
		{22F34A8D-2D92-4B71-A963-B2F0A7E0EB5C}.Release|Any CPU.Build.0 = Release|Any CPU
		{55C1CE4A-CF2A-4A80-8E92-70294BEB1BD5}.Debug|Any CPU.ActiveCfg = Debug|Any CPU
		{55C1CE4A-CF2A-4A80-8E92-70294BEB1BD5}.Debug|Any CPU.Build.0 = Debug|Any CPU
		{55C1CE4A-CF2A-4A80-8E92-70294BEB1BD5}.Release|Any CPU.ActiveCfg = Release|Any CPU
		{55C1CE4A-CF2A-4A80-8E92-70294BEB1BD5}.Release|Any CPU.Build.0 = Release|Any CPU
		{0C3F6D4E-094F-4457-A422-49A3800609A4}.Debug|Any CPU.ActiveCfg = Debug|Any CPU
		{0C3F6D4E-094F-4457-A422-49A3800609A4}.Debug|Any CPU.Build.0 = Debug|Any CPU
		{0C3F6D4E-094F-4457-A422-49A3800609A4}.Release|Any CPU.ActiveCfg = Release|Any CPU
		{0C3F6D4E-094F-4457-A422-49A3800609A4}.Release|Any CPU.Build.0 = Release|Any CPU
		{D5791407-90F8-4FE6-BD07-90429CF8FF70}.Debug|Any CPU.ActiveCfg = Debug|Any CPU
		{D5791407-90F8-4FE6-BD07-90429CF8FF70}.Debug|Any CPU.Build.0 = Debug|Any CPU
		{D5791407-90F8-4FE6-BD07-90429CF8FF70}.Release|Any CPU.ActiveCfg = Release|Any CPU
		{D5791407-90F8-4FE6-BD07-90429CF8FF70}.Release|Any CPU.Build.0 = Release|Any CPU
		{D6542379-490E-4EB8-AB7E-A552F79E921B}.Debug|Any CPU.ActiveCfg = Debug|Any CPU
		{D6542379-490E-4EB8-AB7E-A552F79E921B}.Debug|Any CPU.Build.0 = Debug|Any CPU
		{D6542379-490E-4EB8-AB7E-A552F79E921B}.Release|Any CPU.ActiveCfg = Release|Any CPU
		{D6542379-490E-4EB8-AB7E-A552F79E921B}.Release|Any CPU.Build.0 = Release|Any CPU
	EndGlobalSection
	GlobalSection(SolutionProperties) = preSolution
		HideSolutionNode = FALSE
	EndGlobalSection
	GlobalSection(ExtensibilityGlobals) = postSolution
		SolutionGuid = {226EDC1D-0DC3-427E-AAF3-FEAD8877F595}
	EndGlobalSection
EndGlobal
