
Microsoft Visual Studio Solution File, Format Version 12.00
# Visual Studio Version 16
VisualStudioVersion = 25.0.1703.4
MinimumVisualStudioVersion = 10.0.40219.1
Project("{FAE04EC0-301F-11D3-BF4B-00C04F79EFBC}") = "AdventOfCode", "AdventOfCode\AdventOfCode.csproj", "{8A5EEC15-754F-49CC-84EE-7F0C9EB3B045}"
EndProject
Project("{FAE04EC0-301F-11D3-BF4B-00C04F79EFBC}") = "Day10a", "Day10a\Day10a.csproj", "{80F5C914-2DC5-436D-A0E9-A1D6420AC68A}"
EndProject
Project("{FAE04EC0-301F-11D3-BF4B-00C04F79EFBC}") = "Day10b", "Day10b\Day10b.csproj", "{55BBFD24-50FC-4B08-85C8-C38EACE87052}"
EndProject
Project("{FAE04EC0-301F-11D3-BF4B-00C04F79EFBC}") = "Day11a", "Day11a\Day11a.csproj", "{FDBE374B-0A48-49BC-ADFC-5940B2958571}"
EndProject
Project("{FAE04EC0-301F-11D3-BF4B-00C04F79EFBC}") = "Day11b", "Day11b\Day11b.csproj", "{654D5F9C-662A-4104-96BB-B2EF64BEA4DE}"
EndProject
Global
	GlobalSection(SolutionConfigurationPlatforms) = preSolution
		Debug|Any CPU = Debug|Any CPU
		Release|Any CPU = Release|Any CPU
	EndGlobalSection
	GlobalSection(ProjectConfigurationPlatforms) = postSolution
		{8A5EEC15-754F-49CC-84EE-7F0C9EB3B045}.Debug|Any CPU.ActiveCfg = Debug|Any CPU
		{8A5EEC15-754F-49CC-84EE-7F0C9EB3B045}.Debug|Any CPU.Build.0 = Debug|Any CPU
		{8A5EEC15-754F-49CC-84EE-7F0C9EB3B045}.Release|Any CPU.ActiveCfg = Release|Any CPU
		{8A5EEC15-754F-49CC-84EE-7F0C9EB3B045}.Release|Any CPU.Build.0 = Release|Any CPU
		{80F5C914-2DC5-436D-A0E9-A1D6420AC68A}.Debug|Any CPU.ActiveCfg = Debug|Any CPU
		{80F5C914-2DC5-436D-A0E9-A1D6420AC68A}.Debug|Any CPU.Build.0 = Debug|Any CPU
		{80F5C914-2DC5-436D-A0E9-A1D6420AC68A}.Release|Any CPU.ActiveCfg = Release|Any CPU
		{80F5C914-2DC5-436D-A0E9-A1D6420AC68A}.Release|Any CPU.Build.0 = Release|Any CPU
		{55BBFD24-50FC-4B08-85C8-C38EACE87052}.Debug|Any CPU.ActiveCfg = Debug|Any CPU
		{55BBFD24-50FC-4B08-85C8-C38EACE87052}.Debug|Any CPU.Build.0 = Debug|Any CPU
		{55BBFD24-50FC-4B08-85C8-C38EACE87052}.Release|Any CPU.ActiveCfg = Release|Any CPU
		{55BBFD24-50FC-4B08-85C8-C38EACE87052}.Release|Any CPU.Build.0 = Release|Any CPU
		{FDBE374B-0A48-49BC-ADFC-5940B2958571}.Debug|Any CPU.ActiveCfg = Debug|Any CPU
		{FDBE374B-0A48-49BC-ADFC-5940B2958571}.Debug|Any CPU.Build.0 = Debug|Any CPU
		{FDBE374B-0A48-49BC-ADFC-5940B2958571}.Release|Any CPU.ActiveCfg = Release|Any CPU
		{FDBE374B-0A48-49BC-ADFC-5940B2958571}.Release|Any CPU.Build.0 = Release|Any CPU
		{654D5F9C-662A-4104-96BB-B2EF64BEA4DE}.Debug|Any CPU.ActiveCfg = Debug|Any CPU
		{654D5F9C-662A-4104-96BB-B2EF64BEA4DE}.Debug|Any CPU.Build.0 = Debug|Any CPU
		{654D5F9C-662A-4104-96BB-B2EF64BEA4DE}.Release|Any CPU.ActiveCfg = Release|Any CPU
		{654D5F9C-662A-4104-96BB-B2EF64BEA4DE}.Release|Any CPU.Build.0 = Release|Any CPU
	EndGlobalSection
	GlobalSection(SolutionProperties) = preSolution
		HideSolutionNode = FALSE
	EndGlobalSection
	GlobalSection(ExtensibilityGlobals) = postSolution
		SolutionGuid = {226EDC1D-0DC3-427E-AAF3-FEAD8877F595}
	EndGlobalSection
EndGlobal
